
Microsoft Visual Studio Solution File, Format Version 11.00
# Visual C# Express 2010
Project("{FAE04EC0-301F-11D3-BF4B-00C04F79EFBC}") = "mazecore", "mazecore\mazecore.csproj", "{57D74725-1FCF-485C-B9BF-B7EA6437998B}"
EndProject
Global
	GlobalSection(SolutionConfigurationPlatforms) = preSolution
		Debug|Any CPU = Debug|Any CPU
		Release|Any CPU = Release|Any CPU
	EndGlobalSection
	GlobalSection(ProjectConfigurationPlatforms) = postSolution
		{57D74725-1FCF-485C-B9BF-B7EA6437998B}.Debug|Any CPU.ActiveCfg = Debug|Any CPU
		{57D74725-1FCF-485C-B9BF-B7EA6437998B}.Debug|Any CPU.Build.0 = Debug|Any CPU
		{57D74725-1FCF-485C-B9BF-B7EA6437998B}.Release|Any CPU.ActiveCfg = Release|Any CPU
		{57D74725-1FCF-485C-B9BF-B7EA6437998B}.Release|Any CPU.Build.0 = Release|Any CPU
	EndGlobalSection
	GlobalSection(SolutionProperties) = preSolution
		HideSolutionNode = FALSE
	EndGlobalSection
EndGlobal
